// !$*UTF8*$!
{
	archiveVersion = 1;
	classes = {
	};
	objectVersion = 46;
	objects = {

/* Begin PBXBuildFile section */
		8BAB819719B2BC010020386B /* Foundation.framework in Frameworks */ = {isa = PBXBuildFile; fileRef = 8BAB819619B2BC010020386B /* Foundation.framework */; };
		8BAB819919B2BC010020386B /* CoreGraphics.framework in Frameworks */ = {isa = PBXBuildFile; fileRef = 8BAB819819B2BC010020386B /* CoreGraphics.framework */; };
		8BAB819B19B2BC010020386B /* UIKit.framework in Frameworks */ = {isa = PBXBuildFile; fileRef = 8BAB819A19B2BC010020386B /* UIKit.framework */; };
		8BAB81A119B2BC010020386B /* InfoPlist.strings in Resources */ = {isa = PBXBuildFile; fileRef = 8BAB819F19B2BC010020386B /* InfoPlist.strings */; };
		8BAB81A319B2BC010020386B /* main.m in Sources */ = {isa = PBXBuildFile; fileRef = 8BAB81A219B2BC010020386B /* main.m */; };
		8BAB81A719B2BC010020386B /* JTAppDelegate.m in Sources */ = {isa = PBXBuildFile; fileRef = 8BAB81A619B2BC010020386B /* JTAppDelegate.m */; };
		8BAB81AA19B2BC010020386B /* Main.storyboard in Resources */ = {isa = PBXBuildFile; fileRef = 8BAB81A819B2BC010020386B /* Main.storyboard */; };
		8BAB81AD19B2BC010020386B /* JTViewController.m in Sources */ = {isa = PBXBuildFile; fileRef = 8BAB81AC19B2BC010020386B /* JTViewController.m */; };
		8BAB81AF19B2BC010020386B /* Images.xcassets in Resources */ = {isa = PBXBuildFile; fileRef = 8BAB81AE19B2BC010020386B /* Images.xcassets */; };
		8BAB81B619B2BC020020386B /* XCTest.framework in Frameworks */ = {isa = PBXBuildFile; fileRef = 8BAB81B519B2BC020020386B /* XCTest.framework */; };
		8BAB81B719B2BC020020386B /* Foundation.framework in Frameworks */ = {isa = PBXBuildFile; fileRef = 8BAB819619B2BC010020386B /* Foundation.framework */; };
		8BAB81B819B2BC020020386B /* UIKit.framework in Frameworks */ = {isa = PBXBuildFile; fileRef = 8BAB819A19B2BC010020386B /* UIKit.framework */; };
		8BAB81C019B2BC020020386B /* InfoPlist.strings in Resources */ = {isa = PBXBuildFile; fileRef = 8BAB81BE19B2BC020020386B /* InfoPlist.strings */; };
		8BAB81C219B2BC020020386B /* UITableViewController_Challenge_SolutionTests.m in Sources */ = {isa = PBXBuildFile; fileRef = 8BAB81C119B2BC020020386B /* UITableViewController_Challenge_SolutionTests.m */; };
/* End PBXBuildFile section */

/* Begin PBXContainerItemProxy section */
		8BAB81B919B2BC020020386B /* PBXContainerItemProxy */ = {
			isa = PBXContainerItemProxy;
			containerPortal = 8BAB818B19B2BC010020386B /* Project object */;
			proxyType = 1;
			remoteGlobalIDString = 8BAB819219B2BC010020386B;
			remoteInfo = "UITableViewController Challenge Solution";
		};
/* End PBXContainerItemProxy section */

/* Begin PBXFileReference section */
		8BAB819319B2BC010020386B /* UITableViewController Challenge Solution.app */ = {isa = PBXFileReference; explicitFileType = wrapper.application; includeInIndex = 0; path = "UITableViewController Challenge Solution.app"; sourceTree = BUILT_PRODUCTS_DIR; };
		8BAB819619B2BC010020386B /* Foundation.framework */ = {isa = PBXFileReference; lastKnownFileType = wrapper.framework; name = Foundation.framework; path = System/Library/Frameworks/Foundation.framework; sourceTree = SDKROOT; };
		8BAB819819B2BC010020386B /* CoreGraphics.framework */ = {isa = PBXFileReference; lastKnownFileType = wrapper.framework; name = CoreGraphics.framework; path = System/Library/Frameworks/CoreGraphics.framework; sourceTree = SDKROOT; };
		8BAB819A19B2BC010020386B /* UIKit.framework */ = {isa = PBXFileReference; lastKnownFileType = wrapper.framework; name = UIKit.framework; path = System/Library/Frameworks/UIKit.framework; sourceTree = SDKROOT; };
		8BAB819E19B2BC010020386B /* UITableViewController Challenge Solution-Info.plist */ = {isa = PBXFileReference; lastKnownFileType = text.plist.xml; path = "UITableViewController Challenge Solution-Info.plist"; sourceTree = "<group>"; };
		8BAB81A019B2BC010020386B /* en */ = {isa = PBXFileReference; lastKnownFileType = text.plist.strings; name = en; path = en.lproj/InfoPlist.strings; sourceTree = "<group>"; };
		8BAB81A219B2BC010020386B /* main.m */ = {isa = PBXFileReference; lastKnownFileType = sourcecode.c.objc; path = main.m; sourceTree = "<group>"; };
		8BAB81A419B2BC010020386B /* UITableViewController Challenge Solution-Prefix.pch */ = {isa = PBXFileReference; lastKnownFileType = sourcecode.c.h; path = "UITableViewController Challenge Solution-Prefix.pch"; sourceTree = "<group>"; };
		8BAB81A519B2BC010020386B /* JTAppDelegate.h */ = {isa = PBXFileReference; lastKnownFileType = sourcecode.c.h; path = JTAppDelegate.h; sourceTree = "<group>"; };
		8BAB81A619B2BC010020386B /* JTAppDelegate.m */ = {isa = PBXFileReference; lastKnownFileType = sourcecode.c.objc; path = JTAppDelegate.m; sourceTree = "<group>"; };
		8BAB81A919B2BC010020386B /* Base */ = {isa = PBXFileReference; lastKnownFileType = file.storyboard; name = Base; path = Base.lproj/Main.storyboard; sourceTree = "<group>"; };
		8BAB81AB19B2BC010020386B /* JTViewController.h */ = {isa = PBXFileReference; lastKnownFileType = sourcecode.c.h; path = JTViewController.h; sourceTree = "<group>"; };
		8BAB81AC19B2BC010020386B /* JTViewController.m */ = {isa = PBXFileReference; lastKnownFileType = sourcecode.c.objc; path = JTViewController.m; sourceTree = "<group>"; };
		8BAB81AE19B2BC010020386B /* Images.xcassets */ = {isa = PBXFileReference; lastKnownFileType = folder.assetcatalog; path = Images.xcassets; sourceTree = "<group>"; };
		8BAB81B419B2BC020020386B /* UITableViewController Challenge SolutionTests.xctest */ = {isa = PBXFileReference; explicitFileType = wrapper.cfbundle; includeInIndex = 0; path = "UITableViewController Challenge SolutionTests.xctest"; sourceTree = BUILT_PRODUCTS_DIR; };
		8BAB81B519B2BC020020386B /* XCTest.framework */ = {isa = PBXFileReference; lastKnownFileType = wrapper.framework; name = XCTest.framework; path = Library/Frameworks/XCTest.framework; sourceTree = DEVELOPER_DIR; };
		8BAB81BD19B2BC020020386B /* UITableViewController Challenge SolutionTests-Info.plist */ = {isa = PBXFileReference; lastKnownFileType = text.plist.xml; path = "UITableViewController Challenge SolutionTests-Info.plist"; sourceTree = "<group>"; };
		8BAB81BF19B2BC020020386B /* en */ = {isa = PBXFileReference; lastKnownFileType = text.plist.strings; name = en; path = en.lproj/InfoPlist.strings; sourceTree = "<group>"; };
		8BAB81C119B2BC020020386B /* UITableViewController_Challenge_SolutionTests.m */ = {isa = PBXFileReference; lastKnownFileType = sourcecode.c.objc; path = UITableViewController_Challenge_SolutionTests.m; sourceTree = "<group>"; };
/* End PBXFileReference section */

/* Begin PBXFrameworksBuildPhase section */
		8BAB819019B2BC010020386B /* Frameworks */ = {
			isa = PBXFrameworksBuildPhase;
			buildActionMask = 2147483647;
			files = (
				8BAB819919B2BC010020386B /* CoreGraphics.framework in Frameworks */,
				8BAB819B19B2BC010020386B /* UIKit.framework in Frameworks */,
				8BAB819719B2BC010020386B /* Foundation.framework in Frameworks */,
			);
			runOnlyForDeploymentPostprocessing = 0;
		};
		8BAB81B119B2BC020020386B /* Frameworks */ = {
			isa = PBXFrameworksBuildPhase;
			buildActionMask = 2147483647;
			files = (
				8BAB81B619B2BC020020386B /* XCTest.framework in Frameworks */,
				8BAB81B819B2BC020020386B /* UIKit.framework in Frameworks */,
				8BAB81B719B2BC020020386B /* Foundation.framework in Frameworks */,
			);
			runOnlyForDeploymentPostprocessing = 0;
		};
/* End PBXFrameworksBuildPhase section */

/* Begin PBXGroup section */
		8BAB818A19B2BC010020386B = {
			isa = PBXGroup;
			children = (
				8BAB819C19B2BC010020386B /* UITableViewController Challenge Solution */,
				8BAB81BB19B2BC020020386B /* UITableViewController Challenge SolutionTests */,
				8BAB819519B2BC010020386B /* Frameworks */,
				8BAB819419B2BC010020386B /* Products */,
			);
			sourceTree = "<group>";
		};
		8BAB819419B2BC010020386B /* Products */ = {
			isa = PBXGroup;
			children = (
				8BAB819319B2BC010020386B /* UITableViewController Challenge Solution.app */,
				8BAB81B419B2BC020020386B /* UITableViewController Challenge SolutionTests.xctest */,
			);
			name = Products;
			sourceTree = "<group>";
		};
		8BAB819519B2BC010020386B /* Frameworks */ = {
			isa = PBXGroup;
			children = (
				8BAB819619B2BC010020386B /* Foundation.framework */,
				8BAB819819B2BC010020386B /* CoreGraphics.framework */,
				8BAB819A19B2BC010020386B /* UIKit.framework */,
				8BAB81B519B2BC020020386B /* XCTest.framework */,
			);
			name = Frameworks;
			sourceTree = "<group>";
		};
		8BAB819C19B2BC010020386B /* UITableViewController Challenge Solution */ = {
			isa = PBXGroup;
			children = (
				8BAB81A519B2BC010020386B /* JTAppDelegate.h */,
				8BAB81A619B2BC010020386B /* JTAppDelegate.m */,
				8BAB81A819B2BC010020386B /* Main.storyboard */,
				8BAB81AB19B2BC010020386B /* JTViewController.h */,
				8BAB81AC19B2BC010020386B /* JTViewController.m */,
				8BAB81AE19B2BC010020386B /* Images.xcassets */,
				8BAB819D19B2BC010020386B /* Supporting Files */,
			);
			path = "UITableViewController Challenge Solution";
			sourceTree = "<group>";
		};
		8BAB819D19B2BC010020386B /* Supporting Files */ = {
			isa = PBXGroup;
			children = (
				8BAB819E19B2BC010020386B /* UITableViewController Challenge Solution-Info.plist */,
				8BAB819F19B2BC010020386B /* InfoPlist.strings */,
				8BAB81A219B2BC010020386B /* main.m */,
				8BAB81A419B2BC010020386B /* UITableViewController Challenge Solution-Prefix.pch */,
			);
			name = "Supporting Files";
			sourceTree = "<group>";
		};
		8BAB81BB19B2BC020020386B /* UITableViewController Challenge SolutionTests */ = {
			isa = PBXGroup;
			children = (
				8BAB81C119B2BC020020386B /* UITableViewController_Challenge_SolutionTests.m */,
				8BAB81BC19B2BC020020386B /* Supporting Files */,
			);
			path = "UITableViewController Challenge SolutionTests";
			sourceTree = "<group>";
		};
		8BAB81BC19B2BC020020386B /* Supporting Files */ = {
			isa = PBXGroup;
			children = (
				8BAB81BD19B2BC020020386B /* UITableViewController Challenge SolutionTests-Info.plist */,
				8BAB81BE19B2BC020020386B /* InfoPlist.strings */,
			);
			name = "Supporting Files";
			sourceTree = "<group>";
		};
/* End PBXGroup section */

/* Begin PBXNativeTarget section */
		8BAB819219B2BC010020386B /* UITableViewController Challenge Solution */ = {
			isa = PBXNativeTarget;
			buildConfigurationList = 8BAB81C519B2BC020020386B /* Build configuration list for PBXNativeTarget "UITableViewController Challenge Solution" */;
			buildPhases = (
				8BAB818F19B2BC010020386B /* Sources */,
				8BAB819019B2BC010020386B /* Frameworks */,
				8BAB819119B2BC010020386B /* Resources */,
			);
			buildRules = (
			);
			dependencies = (
			);
			name = "UITableViewController Challenge Solution";
			productName = "UITableViewController Challenge Solution";
			productReference = 8BAB819319B2BC010020386B /* UITableViewController Challenge Solution.app */;
			productType = "com.apple.product-type.application";
		};
		8BAB81B319B2BC020020386B /* UITableViewController Challenge SolutionTests */ = {
			isa = PBXNativeTarget;
			buildConfigurationList = 8BAB81C819B2BC020020386B /* Build configuration list for PBXNativeTarget "UITableViewController Challenge SolutionTests" */;
			buildPhases = (
				8BAB81B019B2BC020020386B /* Sources */,
				8BAB81B119B2BC020020386B /* Frameworks */,
				8BAB81B219B2BC020020386B /* Resources */,
			);
			buildRules = (
			);
			dependencies = (
				8BAB81BA19B2BC020020386B /* PBXTargetDependency */,
			);
			name = "UITableViewController Challenge SolutionTests";
			productName = "UITableViewController Challenge SolutionTests";
			productReference = 8BAB81B419B2BC020020386B /* UITableViewController Challenge SolutionTests.xctest */;
			productType = "com.apple.product-type.bundle.unit-test";
		};
/* End PBXNativeTarget section */

/* Begin PBXProject section */
		8BAB818B19B2BC010020386B /* Project object */ = {
			isa = PBXProject;
			attributes = {
				CLASSPREFIX = JT;
				LastUpgradeCheck = 0510;
				ORGANIZATIONNAME = "Tytan Apps";
				TargetAttributes = {
					8BAB81B319B2BC020020386B = {
						TestTargetID = 8BAB819219B2BC010020386B;
					};
				};
			};
			buildConfigurationList = 8BAB818E19B2BC010020386B /* Build configuration list for PBXProject "UITableViewController Challenge Solution" */;
			compatibilityVersion = "Xcode 3.2";
			developmentRegion = English;
			hasScannedForEncodings = 0;
			knownRegions = (
				en,
				Base,
			);
			mainGroup = 8BAB818A19B2BC010020386B;
			productRefGroup = 8BAB819419B2BC010020386B /* Products */;
			projectDirPath = "";
			projectRoot = "";
			targets = (
				8BAB819219B2BC010020386B /* UITableViewController Challenge Solution */,
				8BAB81B319B2BC020020386B /* UITableViewController Challenge SolutionTests */,
			);
		};
/* End PBXProject section */

/* Begin PBXResourcesBuildPhase section */
		8BAB819119B2BC010020386B /* Resources */ = {
			isa = PBXResourcesBuildPhase;
			buildActionMask = 2147483647;
			files = (
				8BAB81AF19B2BC010020386B /* Images.xcassets in Resources */,
				8BAB81A119B2BC010020386B /* InfoPlist.strings in Resources */,
				8BAB81AA19B2BC010020386B /* Main.storyboard in Resources */,
			);
			runOnlyForDeploymentPostprocessing = 0;
		};
		8BAB81B219B2BC020020386B /* Resources */ = {
			isa = PBXResourcesBuildPhase;
			buildActionMask = 2147483647;
			files = (
				8BAB81C019B2BC020020386B /* InfoPlist.strings in Resources */,
			);
			runOnlyForDeploymentPostprocessing = 0;
		};
/* End PBXResourcesBuildPhase section */

/* Begin PBXSourcesBuildPhase section */
		8BAB818F19B2BC010020386B /* Sources */ = {
			isa = PBXSourcesBuildPhase;
			buildActionMask = 2147483647;
			files = (
				8BAB81A719B2BC010020386B /* JTAppDelegate.m in Sources */,
				8BAB81AD19B2BC010020386B /* JTViewController.m in Sources */,
				8BAB81A319B2BC010020386B /* main.m in Sources */,
			);
			runOnlyForDeploymentPostprocessing = 0;
		};
		8BAB81B019B2BC020020386B /* Sources */ = {
			isa = PBXSourcesBuildPhase;
			buildActionMask = 2147483647;
			files = (
				8BAB81C219B2BC020020386B /* UITableViewController_Challenge_SolutionTests.m in Sources */,
			);
			runOnlyForDeploymentPostprocessing = 0;
		};
/* End PBXSourcesBuildPhase section */

/* Begin PBXTargetDependency section */
		8BAB81BA19B2BC020020386B /* PBXTargetDependency */ = {
			isa = PBXTargetDependency;
			target = 8BAB819219B2BC010020386B /* UITableViewController Challenge Solution */;
			targetProxy = 8BAB81B919B2BC020020386B /* PBXContainerItemProxy */;
		};
/* End PBXTargetDependency section */

/* Begin PBXVariantGroup section */
		8BAB819F19B2BC010020386B /* InfoPlist.strings */ = {
			isa = PBXVariantGroup;
			children = (
				8BAB81A019B2BC010020386B /* en */,
			);
			name = InfoPlist.strings;
			sourceTree = "<group>";
		};
		8BAB81A819B2BC010020386B /* Main.storyboard */ = {
			isa = PBXVariantGroup;
			children = (
				8BAB81A919B2BC010020386B /* Base */,
			);
			name = Main.storyboard;
			sourceTree = "<group>";
		};
		8BAB81BE19B2BC020020386B /* InfoPlist.strings */ = {
			isa = PBXVariantGroup;
			children = (
				8BAB81BF19B2BC020020386B /* en */,
			);
			name = InfoPlist.strings;
			sourceTree = "<group>";
		};
/* End PBXVariantGroup section */

/* Begin XCBuildConfiguration section */
		8BAB81C319B2BC020020386B /* Debug */ = {
			isa = XCBuildConfiguration;
			buildSettings = {
				ALWAYS_SEARCH_USER_PATHS = NO;
				CLANG_CXX_LANGUAGE_STANDARD = "gnu++0x";
				CLANG_CXX_LIBRARY = "libc++";
				CLANG_ENABLE_MODULES = YES;
				CLANG_ENABLE_OBJC_ARC = YES;
				CLANG_WARN_BOOL_CONVERSION = YES;
				CLANG_WARN_CONSTANT_CONVERSION = YES;
				CLANG_WARN_DIRECT_OBJC_ISA_USAGE = YES_ERROR;
				CLANG_WARN_EMPTY_BODY = YES;
				CLANG_WARN_ENUM_CONVERSION = YES;
				CLANG_WARN_INT_CONVERSION = YES;
				CLANG_WARN_OBJC_ROOT_CLASS = YES_ERROR;
				CLANG_WARN__DUPLICATE_METHOD_MATCH = YES;
				"CODE_SIGN_IDENTITY[sdk=iphoneos*]" = "iPhone Developer";
				COPY_PHASE_STRIP = NO;
				GCC_C_LANGUAGE_STANDARD = gnu99;
				GCC_DYNAMIC_NO_PIC = NO;
				GCC_OPTIMIZATION_LEVEL = 0;
				GCC_PREPROCESSOR_DEFINITIONS = (
					"DEBUG=1",
					"$(inherited)",
				);
				GCC_SYMBOLS_PRIVATE_EXTERN = NO;
				GCC_WARN_64_TO_32_BIT_CONVERSION = YES;
				GCC_WARN_ABOUT_RETURN_TYPE = YES_ERROR;
				GCC_WARN_UNDECLARED_SELECTOR = YES;
				GCC_WARN_UNINITIALIZED_AUTOS = YES_AGGRESSIVE;
				GCC_WARN_UNUSED_FUNCTION = YES;
				GCC_WARN_UNUSED_VARIABLE = YES;
				IPHONEOS_DEPLOYMENT_TARGET = 7.1;
				ONLY_ACTIVE_ARCH = YES;
				SDKROOT = iphoneos;
			};
			name = Debug;
		};
		8BAB81C419B2BC020020386B /* Release */ = {
			isa = XCBuildConfiguration;
			buildSettings = {
				ALWAYS_SEARCH_USER_PATHS = NO;
				CLANG_CXX_LANGUAGE_STANDARD = "gnu++0x";
				CLANG_CXX_LIBRARY = "libc++";
				CLANG_ENABLE_MODULES = YES;
				CLANG_ENABLE_OBJC_ARC = YES;
				CLANG_WARN_BOOL_CONVERSION = YES;
				CLANG_WARN_CONSTANT_CONVERSION = YES;
				CLANG_WARN_DIRECT_OBJC_ISA_USAGE = YES_ERROR;
				CLANG_WARN_EMPTY_BODY = YES;
				CLANG_WARN_ENUM_CONVERSION = YES;
				CLANG_WARN_INT_CONVERSION = YES;
				CLANG_WARN_OBJC_ROOT_CLASS = YES_ERROR;
				CLANG_WARN__DUPLICATE_METHOD_MATCH = YES;
				"CODE_SIGN_IDENTITY[sdk=iphoneos*]" = "iPhone Developer";
				COPY_PHASE_STRIP = YES;
				ENABLE_NS_ASSERTIONS = NO;
				GCC_C_LANGUAGE_STANDARD = gnu99;
				GCC_WARN_64_TO_32_BIT_CONVERSION = YES;
				GCC_WARN_ABOUT_RETURN_TYPE = YES_ERROR;
				GCC_WARN_UNDECLARED_SELECTOR = YES;
				GCC_WARN_UNINITIALIZED_AUTOS = YES_AGGRESSIVE;
				GCC_WARN_UNUSED_FUNCTION = YES;
				GCC_WARN_UNUSED_VARIABLE = YES;
				IPHONEOS_DEPLOYMENT_TARGET = 7.1;
				SDKROOT = iphoneos;
				VALIDATE_PRODUCT = YES;
			};
			name = Release;
		};
		8BAB81C619B2BC020020386B /* Debug */ = {
			isa = XCBuildConfiguration;
			buildSettings = {
				ASSETCATALOG_COMPILER_APPICON_NAME = AppIcon;
				ASSETCATALOG_COMPILER_LAUNCHIMAGE_NAME = LaunchImage;
				GCC_PRECOMPILE_PREFIX_HEADER = YES;
				GCC_PREFIX_HEADER = "UITableViewController Challenge Solution/UITableViewController Challenge Solution-Prefix.pch";
				INFOPLIST_FILE = "UITableViewController Challenge Solution/UITableViewController Challenge Solution-Info.plist";
				PRODUCT_NAME = "$(TARGET_NAME)";
				WRAPPER_EXTENSION = app;
			};
			name = Debug;
		};
		8BAB81C719B2BC020020386B /* Release */ = {
			isa = XCBuildConfiguration;
			buildSettings = {
				ASSETCATALOG_COMPILER_APPICON_NAME = AppIcon;
				ASSETCATALOG_COMPILER_LAUNCHIMAGE_NAME = LaunchImage;
				GCC_PRECOMPILE_PREFIX_HEADER = YES;
				GCC_PREFIX_HEADER = "UITableViewController Challenge Solution/UITableViewController Challenge Solution-Prefix.pch";
				INFOPLIST_FILE = "UITableViewController Challenge Solution/UITableViewController Challenge Solution-Info.plist";
				PRODUCT_NAME = "$(TARGET_NAME)";
				WRAPPER_EXTENSION = app;
			};
			name = Release;
		};
		8BAB81C919B2BC020020386B /* Debug */ = {
			isa = XCBuildConfiguration;
			buildSettings = {
				BUNDLE_LOADER = "$(BUILT_PRODUCTS_DIR)/UITableViewController Challenge Solution.app/UITableViewController Challenge Solution";
				FRAMEWORK_SEARCH_PATHS = (
					"$(SDKROOT)/Developer/Library/Frameworks",
					"$(inherited)",
					"$(DEVELOPER_FRAMEWORKS_DIR)",
				);
				GCC_PRECOMPILE_PREFIX_HEADER = YES;
				GCC_PREFIX_HEADER = "UITableViewController Challenge Solution/UITableViewController Challenge Solution-Prefix.pch";
				GCC_PREPROCESSOR_DEFINITIONS = (
					"DEBUG=1",
					"$(inherited)",
				);
				INFOPLIST_FILE = "UITableViewController Challenge SolutionTests/UITableViewController Challenge SolutionTests-Info.plist";
				PRODUCT_NAME = "$(TARGET_NAME)";
				TEST_HOST = "$(BUNDLE_LOADER)";
				WRAPPER_EXTENSION = xctest;
			};
			name = Debug;
		};
		8BAB81CA19B2BC020020386B /* Release */ = {
			isa = XCBuildConfiguration;
			buildSettings = {
				BUNDLE_LOADER = "$(BUILT_PRODUCTS_DIR)/UITableViewController Challenge Solution.app/UITableViewController Challenge Solution";
				FRAMEWORK_SEARCH_PATHS = (
					"$(SDKROOT)/Developer/Library/Frameworks",
					"$(inherited)",
					"$(DEVELOPER_FRAMEWORKS_DIR)",
				);
				GCC_PRECOMPILE_PREFIX_HEADER = YES;
				GCC_PREFIX_HEADER = "UITableViewController Challenge Solution/UITableViewController Challenge Solution-Prefix.pch";
				INFOPLIST_FILE = "UITableViewController Challenge SolutionTests/UITableViewController Challenge SolutionTests-Info.plist";
				PRODUCT_NAME = "$(TARGET_NAME)";
				TEST_HOST = "$(BUNDLE_LOADER)";
				WRAPPER_EXTENSION = xctest;
			};
			name = Release;
		};
/* End XCBuildConfiguration section */

/* Begin XCConfigurationList section */
		8BAB818E19B2BC010020386B /* Build configuration list for PBXProject "UITableViewController Challenge Solution" */ = {
			isa = XCConfigurationList;
			buildConfigurations = (
				8BAB81C319B2BC020020386B /* Debug */,
				8BAB81C419B2BC020020386B /* Release */,
			);
			defaultConfigurationIsVisible = 0;
			defaultConfigurationName = Release;
		};
		8BAB81C519B2BC020020386B /* Build configuration list for PBXNativeTarget "UITableViewController Challenge Solution" */ = {
			isa = XCConfigurationList;
			buildConfigurations = (
				8BAB81C619B2BC020020386B /* Debug */,
				8BAB81C719B2BC020020386B /* Release */,
			);
			defaultConfigurationIsVisible = 0;
		};
		8BAB81C819B2BC020020386B /* Build configuration list for PBXNativeTarget "UITableViewController Challenge SolutionTests" */ = {
			isa = XCConfigurationList;
			buildConfigurations = (
				8BAB81C919B2BC020020386B /* Debug */,
				8BAB81CA19B2BC020020386B /* Release */,
			);
			defaultConfigurationIsVisible = 0;
		};
/* End XCConfigurationList section */
	};
	rootObject = 8BAB818B19B2BC010020386B /* Project object */;
}
